// !$*UTF8*$!
{
	archiveVersion = 1;
	classes = {
	};
	objectVersion = 77;
	objects = {

/* Begin PBXContainerItemProxy section */
		96BE20342CEDDE5D005D6608 /* PBXContainerItemProxy */ = {
			isa = PBXContainerItemProxy;
			containerPortal = 96BE201B2CEDDE5A005D6608 /* Project object */;
			proxyType = 1;
			remoteGlobalIDString = 96BE20222CEDDE5A005D6608;
			remoteInfo = Athlead;
		};
		96BE203E2CEDDE5D005D6608 /* PBXContainerItemProxy */ = {
			isa = PBXContainerItemProxy;
			containerPortal = 96BE201B2CEDDE5A005D6608 /* Project object */;
			proxyType = 1;
			remoteGlobalIDString = 96BE20222CEDDE5A005D6608;
			remoteInfo = Athlead;
		};
/* End PBXContainerItemProxy section */

/* Begin PBXFileReference section */
		96BE20232CEDDE5A005D6608 /* Athlead.app */ = {isa = PBXFileReference; explicitFileType = wrapper.application; includeInIndex = 0; path = Athlead.app; sourceTree = BUILT_PRODUCTS_DIR; };
		96BE20332CEDDE5D005D6608 /* AthleadTests.xctest */ = {isa = PBXFileReference; explicitFileType = wrapper.cfbundle; includeInIndex = 0; path = AthleadTests.xctest; sourceTree = BUILT_PRODUCTS_DIR; };
		96BE203D2CEDDE5D005D6608 /* AthleadUITests.xctest */ = {isa = PBXFileReference; explicitFileType = wrapper.cfbundle; includeInIndex = 0; path = AthleadUITests.xctest; sourceTree = BUILT_PRODUCTS_DIR; };
/* End PBXFileReference section */

/* Begin PBXFileSystemSynchronizedBuildFileExceptionSet section */
		96540E6D2CFEFA1200B04169 /* Exceptions for "Athlead" folder in "Athlead" target */ = {
			isa = PBXFileSystemSynchronizedBuildFileExceptionSet;
			membershipExceptions = (
				Info.plist,
			);
			target = 96BE20222CEDDE5A005D6608 /* Athlead */;
		};
/* End PBXFileSystemSynchronizedBuildFileExceptionSet section */

/* Begin PBXFileSystemSynchronizedRootGroup section */
		96BE20252CEDDE5A005D6608 /* Athlead */ = {
			isa = PBXFileSystemSynchronizedRootGroup;
			exceptions = (
				96540E6D2CFEFA1200B04169 /* Exceptions for "Athlead" folder in "Athlead" target */,
			);
			path = Athlead;
			sourceTree = "<group>";
		};
		96BE20362CEDDE5D005D6608 /* AthleadTests */ = {
			isa = PBXFileSystemSynchronizedRootGroup;
			path = AthleadTests;
			sourceTree = "<group>";
		};
		96BE20402CEDDE5D005D6608 /* AthleadUITests */ = {
			isa = PBXFileSystemSynchronizedRootGroup;
			path = AthleadUITests;
			sourceTree = "<group>";
		};
/* End PBXFileSystemSynchronizedRootGroup section */

/* Begin PBXFrameworksBuildPhase section */
		96BE20202CEDDE5A005D6608 /* Frameworks */ = {
			isa = PBXFrameworksBuildPhase;
			buildActionMask = 2147483647;
			files = (
			);
			runOnlyForDeploymentPostprocessing = 0;
		};
		96BE20302CEDDE5D005D6608 /* Frameworks */ = {
			isa = PBXFrameworksBuildPhase;
			buildActionMask = 2147483647;
			files = (
			);
			runOnlyForDeploymentPostprocessing = 0;
		};
		96BE203A2CEDDE5D005D6608 /* Frameworks */ = {
			isa = PBXFrameworksBuildPhase;
			buildActionMask = 2147483647;
			files = (
			);
			runOnlyForDeploymentPostprocessing = 0;
		};
/* End PBXFrameworksBuildPhase section */

/* Begin PBXGroup section */
		96BE201A2CEDDE5A005D6608 = {
			isa = PBXGroup;
			children = (
				96BE20252CEDDE5A005D6608 /* Athlead */,
				96BE20362CEDDE5D005D6608 /* AthleadTests */,
				96BE20402CEDDE5D005D6608 /* AthleadUITests */,
				96BE20242CEDDE5A005D6608 /* Products */,
			);
			sourceTree = "<group>";
		};
		96BE20242CEDDE5A005D6608 /* Products */ = {
			isa = PBXGroup;
			children = (
				96BE20232CEDDE5A005D6608 /* Athlead.app */,
				96BE20332CEDDE5D005D6608 /* AthleadTests.xctest */,
				96BE203D2CEDDE5D005D6608 /* AthleadUITests.xctest */,
			);
			name = Products;
			sourceTree = "<group>";
		};
/* End PBXGroup section */

/* Begin PBXNativeTarget section */
		96BE20222CEDDE5A005D6608 /* Athlead */ = {
			isa = PBXNativeTarget;
			buildConfigurationList = 96BE20472CEDDE5D005D6608 /* Build configuration list for PBXNativeTarget "Athlead" */;
			buildPhases = (
				96BE201F2CEDDE5A005D6608 /* Sources */,
				96BE20202CEDDE5A005D6608 /* Frameworks */,
				96BE20212CEDDE5A005D6608 /* Resources */,
			);
			buildRules = (
			);
			dependencies = (
			);
			fileSystemSynchronizedGroups = (
				96BE20252CEDDE5A005D6608 /* Athlead */,
			);
			name = Athlead;
			packageProductDependencies = (
			);
			productName = Athlead;
			productReference = 96BE20232CEDDE5A005D6608 /* Athlead.app */;
			productType = "com.apple.product-type.application";
		};
		96BE20322CEDDE5D005D6608 /* AthleadTests */ = {
			isa = PBXNativeTarget;
			buildConfigurationList = 96BE204A2CEDDE5D005D6608 /* Build configuration list for PBXNativeTarget "AthleadTests" */;
			buildPhases = (
				96BE202F2CEDDE5D005D6608 /* Sources */,
				96BE20302CEDDE5D005D6608 /* Frameworks */,
				96BE20312CEDDE5D005D6608 /* Resources */,
			);
			buildRules = (
			);
			dependencies = (
				96BE20352CEDDE5D005D6608 /* PBXTargetDependency */,
			);
			fileSystemSynchronizedGroups = (
				96BE20362CEDDE5D005D6608 /* AthleadTests */,
			);
			name = AthleadTests;
			packageProductDependencies = (
			);
			productName = AthleadTests;
			productReference = 96BE20332CEDDE5D005D6608 /* AthleadTests.xctest */;
			productType = "com.apple.product-type.bundle.unit-test";
		};
		96BE203C2CEDDE5D005D6608 /* AthleadUITests */ = {
			isa = PBXNativeTarget;
			buildConfigurationList = 96BE204D2CEDDE5D005D6608 /* Build configuration list for PBXNativeTarget "AthleadUITests" */;
			buildPhases = (
				96BE20392CEDDE5D005D6608 /* Sources */,
				96BE203A2CEDDE5D005D6608 /* Frameworks */,
				96BE203B2CEDDE5D005D6608 /* Resources */,
			);
			buildRules = (
			);
			dependencies = (
				96BE203F2CEDDE5D005D6608 /* PBXTargetDependency */,
			);
			fileSystemSynchronizedGroups = (
				96BE20402CEDDE5D005D6608 /* AthleadUITests */,
			);
			name = AthleadUITests;
			packageProductDependencies = (
			);
			productName = AthleadUITests;
			productReference = 96BE203D2CEDDE5D005D6608 /* AthleadUITests.xctest */;
			productType = "com.apple.product-type.bundle.ui-testing";
		};
/* End PBXNativeTarget section */

/* Begin PBXProject section */
		96BE201B2CEDDE5A005D6608 /* Project object */ = {
			isa = PBXProject;
			attributes = {
				BuildIndependentTargetsInParallel = 1;
				LastSwiftUpdateCheck = 1610;
				LastUpgradeCheck = 1610;
				TargetAttributes = {
					96BE20222CEDDE5A005D6608 = {
						CreatedOnToolsVersion = 16.1;
					};
					96BE20322CEDDE5D005D6608 = {
						CreatedOnToolsVersion = 16.1;
						TestTargetID = 96BE20222CEDDE5A005D6608;
					};
					96BE203C2CEDDE5D005D6608 = {
						CreatedOnToolsVersion = 16.1;
						TestTargetID = 96BE20222CEDDE5A005D6608;
					};
				};
			};
			buildConfigurationList = 96BE201E2CEDDE5A005D6608 /* Build configuration list for PBXProject "Athlead" */;
			developmentRegion = en;
			hasScannedForEncodings = 0;
			knownRegions = (
				en,
				Base,
			);
			mainGroup = 96BE201A2CEDDE5A005D6608;
			minimizedProjectReferenceProxies = 1;
			preferredProjectObjectVersion = 77;
			productRefGroup = 96BE20242CEDDE5A005D6608 /* Products */;
			projectDirPath = "";
			projectRoot = "";
			targets = (
				96BE20222CEDDE5A005D6608 /* Athlead */,
				96BE20322CEDDE5D005D6608 /* AthleadTests */,
				96BE203C2CEDDE5D005D6608 /* AthleadUITests */,
			);
		};
/* End PBXProject section */

/* Begin PBXResourcesBuildPhase section */
		96BE20212CEDDE5A005D6608 /* Resources */ = {
			isa = PBXResourcesBuildPhase;
			buildActionMask = 2147483647;
			files = (
			);
			runOnlyForDeploymentPostprocessing = 0;
		};
		96BE20312CEDDE5D005D6608 /* Resources */ = {
			isa = PBXResourcesBuildPhase;
			buildActionMask = 2147483647;
			files = (
			);
			runOnlyForDeploymentPostprocessing = 0;
		};
		96BE203B2CEDDE5D005D6608 /* Resources */ = {
			isa = PBXResourcesBuildPhase;
			buildActionMask = 2147483647;
			files = (
			);
			runOnlyForDeploymentPostprocessing = 0;
		};
/* End PBXResourcesBuildPhase section */

/* Begin PBXSourcesBuildPhase section */
		96BE201F2CEDDE5A005D6608 /* Sources */ = {
			isa = PBXSourcesBuildPhase;
			buildActionMask = 2147483647;
			files = (
			);
			runOnlyForDeploymentPostprocessing = 0;
		};
		96BE202F2CEDDE5D005D6608 /* Sources */ = {
			isa = PBXSourcesBuildPhase;
			buildActionMask = 2147483647;
			files = (
			);
			runOnlyForDeploymentPostprocessing = 0;
		};
		96BE20392CEDDE5D005D6608 /* Sources */ = {
			isa = PBXSourcesBuildPhase;
			buildActionMask = 2147483647;
			files = (
			);
			runOnlyForDeploymentPostprocessing = 0;
		};
/* End PBXSourcesBuildPhase section */

/* Begin PBXTargetDependency section */
		96BE20352CEDDE5D005D6608 /* PBXTargetDependency */ = {
			isa = PBXTargetDependency;
			target = 96BE20222CEDDE5A005D6608 /* Athlead */;
			targetProxy = 96BE20342CEDDE5D005D6608 /* PBXContainerItemProxy */;
		};
		96BE203F2CEDDE5D005D6608 /* PBXTargetDependency */ = {
			isa = PBXTargetDependency;
			target = 96BE20222CEDDE5A005D6608 /* Athlead */;
			targetProxy = 96BE203E2CEDDE5D005D6608 /* PBXContainerItemProxy */;
		};
/* End PBXTargetDependency section */

/* Begin XCBuildConfiguration section */
		96BE20452CEDDE5D005D6608 /* Debug */ = {
			isa = XCBuildConfiguration;
			buildSettings = {
				ALWAYS_SEARCH_USER_PATHS = NO;
				ASSETCATALOG_COMPILER_GENERATE_SWIFT_ASSET_SYMBOL_EXTENSIONS = YES;
				CLANG_ANALYZER_NONNULL = YES;
				CLANG_ANALYZER_NUMBER_OBJECT_CONVERSION = YES_AGGRESSIVE;
				CLANG_CXX_LANGUAGE_STANDARD = "gnu++20";
				CLANG_ENABLE_MODULES = YES;
				CLANG_ENABLE_OBJC_ARC = YES;
				CLANG_ENABLE_OBJC_WEAK = YES;
				CLANG_WARN_BLOCK_CAPTURE_AUTORELEASING = YES;
				CLANG_WARN_BOOL_CONVERSION = YES;
				CLANG_WARN_COMMA = YES;
				CLANG_WARN_CONSTANT_CONVERSION = YES;
				CLANG_WARN_DEPRECATED_OBJC_IMPLEMENTATIONS = YES;
				CLANG_WARN_DIRECT_OBJC_ISA_USAGE = YES_ERROR;
				CLANG_WARN_DOCUMENTATION_COMMENTS = YES;
				CLANG_WARN_EMPTY_BODY = YES;
				CLANG_WARN_ENUM_CONVERSION = YES;
				CLANG_WARN_INFINITE_RECURSION = YES;
				CLANG_WARN_INT_CONVERSION = YES;
				CLANG_WARN_NON_LITERAL_NULL_CONVERSION = YES;
				CLANG_WARN_OBJC_IMPLICIT_RETAIN_SELF = YES;
				CLANG_WARN_OBJC_LITERAL_CONVERSION = YES;
				CLANG_WARN_OBJC_ROOT_CLASS = YES_ERROR;
				CLANG_WARN_QUOTED_INCLUDE_IN_FRAMEWORK_HEADER = YES;
				CLANG_WARN_RANGE_LOOP_ANALYSIS = YES;
				CLANG_WARN_STRICT_PROTOTYPES = YES;
				CLANG_WARN_SUSPICIOUS_MOVE = YES;
				CLANG_WARN_UNGUARDED_AVAILABILITY = YES_AGGRESSIVE;
				CLANG_WARN_UNREACHABLE_CODE = YES;
				CLANG_WARN__DUPLICATE_METHOD_MATCH = YES;
				COPY_PHASE_STRIP = NO;
				DEBUG_INFORMATION_FORMAT = dwarf;
				ENABLE_STRICT_OBJC_MSGSEND = YES;
				ENABLE_TESTABILITY = YES;
				ENABLE_USER_SCRIPT_SANDBOXING = YES;
				GCC_C_LANGUAGE_STANDARD = gnu17;
				GCC_DYNAMIC_NO_PIC = NO;
				GCC_NO_COMMON_BLOCKS = YES;
				GCC_OPTIMIZATION_LEVEL = 0;
				GCC_PREPROCESSOR_DEFINITIONS = (
					"DEBUG=1",
					"$(inherited)",
				);
				GCC_WARN_64_TO_32_BIT_CONVERSION = YES;
				GCC_WARN_ABOUT_RETURN_TYPE = YES_ERROR;
				GCC_WARN_UNDECLARED_SELECTOR = YES;
				GCC_WARN_UNINITIALIZED_AUTOS = YES_AGGRESSIVE;
				GCC_WARN_UNUSED_FUNCTION = YES;
				GCC_WARN_UNUSED_VARIABLE = YES;
				IPHONEOS_DEPLOYMENT_TARGET = 18.1;
				LOCALIZATION_PREFERS_STRING_CATALOGS = YES;
				MTL_ENABLE_DEBUG_INFO = INCLUDE_SOURCE;
				MTL_FAST_MATH = YES;
				ONLY_ACTIVE_ARCH = YES;
				SDKROOT = iphoneos;
				SWIFT_ACTIVE_COMPILATION_CONDITIONS = "DEBUG $(inherited)";
				SWIFT_OPTIMIZATION_LEVEL = "-Onone";
			};
			name = Debug;
		};
		96BE20462CEDDE5D005D6608 /* Release */ = {
			isa = XCBuildConfiguration;
			buildSettings = {
				ALWAYS_SEARCH_USER_PATHS = NO;
				ASSETCATALOG_COMPILER_GENERATE_SWIFT_ASSET_SYMBOL_EXTENSIONS = YES;
				CLANG_ANALYZER_NONNULL = YES;
				CLANG_ANALYZER_NUMBER_OBJECT_CONVERSION = YES_AGGRESSIVE;
				CLANG_CXX_LANGUAGE_STANDARD = "gnu++20";
				CLANG_ENABLE_MODULES = YES;
				CLANG_ENABLE_OBJC_ARC = YES;
				CLANG_ENABLE_OBJC_WEAK = YES;
				CLANG_WARN_BLOCK_CAPTURE_AUTORELEASING = YES;
				CLANG_WARN_BOOL_CONVERSION = YES;
				CLANG_WARN_COMMA = YES;
				CLANG_WARN_CONSTANT_CONVERSION = YES;
				CLANG_WARN_DEPRECATED_OBJC_IMPLEMENTATIONS = YES;
				CLANG_WARN_DIRECT_OBJC_ISA_USAGE = YES_ERROR;
				CLANG_WARN_DOCUMENTATION_COMMENTS = YES;
				CLANG_WARN_EMPTY_BODY = YES;
				CLANG_WARN_ENUM_CONVERSION = YES;
				CLANG_WARN_INFINITE_RECURSION = YES;
				CLANG_WARN_INT_CONVERSION = YES;
				CLANG_WARN_NON_LITERAL_NULL_CONVERSION = YES;
				CLANG_WARN_OBJC_IMPLICIT_RETAIN_SELF = YES;
				CLANG_WARN_OBJC_LITERAL_CONVERSION = YES;
				CLANG_WARN_OBJC_ROOT_CLASS = YES_ERROR;
				CLANG_WARN_QUOTED_INCLUDE_IN_FRAMEWORK_HEADER = YES;
				CLANG_WARN_RANGE_LOOP_ANALYSIS = YES;
				CLANG_WARN_STRICT_PROTOTYPES = YES;
				CLANG_WARN_SUSPICIOUS_MOVE = YES;
				CLANG_WARN_UNGUARDED_AVAILABILITY = YES_AGGRESSIVE;
				CLANG_WARN_UNREACHABLE_CODE = YES;
				CLANG_WARN__DUPLICATE_METHOD_MATCH = YES;
				COPY_PHASE_STRIP = NO;
				DEBUG_INFORMATION_FORMAT = "dwarf-with-dsym";
				ENABLE_NS_ASSERTIONS = NO;
				ENABLE_STRICT_OBJC_MSGSEND = YES;
				ENABLE_USER_SCRIPT_SANDBOXING = YES;
				GCC_C_LANGUAGE_STANDARD = gnu17;
				GCC_NO_COMMON_BLOCKS = YES;
				GCC_WARN_64_TO_32_BIT_CONVERSION = YES;
				GCC_WARN_ABOUT_RETURN_TYPE = YES_ERROR;
				GCC_WARN_UNDECLARED_SELECTOR = YES;
				GCC_WARN_UNINITIALIZED_AUTOS = YES_AGGRESSIVE;
				GCC_WARN_UNUSED_FUNCTION = YES;
				GCC_WARN_UNUSED_VARIABLE = YES;
				IPHONEOS_DEPLOYMENT_TARGET = 18.1;
				LOCALIZATION_PREFERS_STRING_CATALOGS = YES;
				MTL_ENABLE_DEBUG_INFO = NO;
				MTL_FAST_MATH = YES;
				SDKROOT = iphoneos;
				SWIFT_COMPILATION_MODE = wholemodule;
				VALIDATE_PRODUCT = YES;
			};
			name = Release;
		};
		96BE20482CEDDE5D005D6608 /* Debug */ = {
			isa = XCBuildConfiguration;
			buildSettings = {
				ASSETCATALOG_COMPILER_APPICON_NAME = AppIcon;
				ASSETCATALOG_COMPILER_GLOBAL_ACCENT_COLOR_NAME = AccentColor;
				CODE_SIGN_STYLE = Automatic;
				CURRENT_PROJECT_VERSION = 1;
				DEVELOPMENT_ASSET_PATHS = "\"Athlead/Preview Content\"";
				DEVELOPMENT_TEAM = 4X8N4X7TJ5;
				ENABLE_PREVIEWS = YES;
				GENERATE_INFOPLIST_FILE = YES;
				INFOPLIST_FILE = Athlead/Info.plist;
				INFOPLIST_KEY_CFBundleDisplayName = "";
				INFOPLIST_KEY_LSApplicationCategoryType = "public.app-category.sports";
				INFOPLIST_KEY_NSCameraUsageDescription = "Used to scan barcodes";
				INFOPLIST_KEY_UIApplicationSceneManifest_Generation = YES;
				INFOPLIST_KEY_UIApplicationSupportsIndirectInputEvents = YES;
				INFOPLIST_KEY_UILaunchScreen_Generation = YES;
				INFOPLIST_KEY_UISupportedInterfaceOrientations_iPad = "UIInterfaceOrientationPortrait UIInterfaceOrientationPortraitUpsideDown UIInterfaceOrientationLandscapeLeft UIInterfaceOrientationLandscapeRight";
				INFOPLIST_KEY_UISupportedInterfaceOrientations_iPhone = "UIInterfaceOrientationPortrait UIInterfaceOrientationLandscapeLeft UIInterfaceOrientationLandscapeRight";
				IPHONEOS_DEPLOYMENT_TARGET = 18.0;
				LD_RUNPATH_SEARCH_PATHS = (
					"$(inherited)",
					"@executable_path/Frameworks",
				);
				MARKETING_VERSION = 1.0;
				PRODUCT_BUNDLE_IDENTIFIER = de.eliasjan.AthleadV2Elias;
				PRODUCT_NAME = "$(TARGET_NAME)";
				SWIFT_EMIT_LOC_STRINGS = YES;
				SWIFT_VERSION = 5.0;
				TARGETED_DEVICE_FAMILY = "1,2";
			};
			name = Debug;
		};
		96BE20492CEDDE5D005D6608 /* Release */ = {
			isa = XCBuildConfiguration;
			buildSettings = {
				ASSETCATALOG_COMPILER_APPICON_NAME = AppIcon;
				ASSETCATALOG_COMPILER_GLOBAL_ACCENT_COLOR_NAME = AccentColor;
				CODE_SIGN_STYLE = Automatic;
				CURRENT_PROJECT_VERSION = 1;
				DEVELOPMENT_ASSET_PATHS = "\"Athlead/Preview Content\"";
				DEVELOPMENT_TEAM = 4X8N4X7TJ5;
				ENABLE_PREVIEWS = YES;
				GENERATE_INFOPLIST_FILE = YES;
				INFOPLIST_FILE = Athlead/Info.plist;
				INFOPLIST_KEY_CFBundleDisplayName = "";
				INFOPLIST_KEY_LSApplicationCategoryType = "public.app-category.sports";
				INFOPLIST_KEY_NSCameraUsageDescription = "Used to scan barcodes";
				INFOPLIST_KEY_UIApplicationSceneManifest_Generation = YES;
				INFOPLIST_KEY_UIApplicationSupportsIndirectInputEvents = YES;
				INFOPLIST_KEY_UILaunchScreen_Generation = YES;
				INFOPLIST_KEY_UISupportedInterfaceOrientations_iPad = "UIInterfaceOrientationPortrait UIInterfaceOrientationPortraitUpsideDown UIInterfaceOrientationLandscapeLeft UIInterfaceOrientationLandscapeRight";
				INFOPLIST_KEY_UISupportedInterfaceOrientations_iPhone = "UIInterfaceOrientationPortrait UIInterfaceOrientationLandscapeLeft UIInterfaceOrientationLandscapeRight";
				IPHONEOS_DEPLOYMENT_TARGET = 18.0;
				LD_RUNPATH_SEARCH_PATHS = (
					"$(inherited)",
					"@executable_path/Frameworks",
				);
				MARKETING_VERSION = 1.0;
				PRODUCT_BUNDLE_IDENTIFIER = de.eliasjan.AthleadV2Elias;
				PRODUCT_NAME = "$(TARGET_NAME)";
				SWIFT_EMIT_LOC_STRINGS = YES;
				SWIFT_VERSION = 5.0;
				TARGETED_DEVICE_FAMILY = "1,2";
			};
			name = Release;
		};
		96BE204B2CEDDE5D005D6608 /* Debug */ = {
			isa = XCBuildConfiguration;
			buildSettings = {
				BUNDLE_LOADER = "$(TEST_HOST)";
				CODE_SIGN_STYLE = Automatic;
				CURRENT_PROJECT_VERSION = 1;
				GENERATE_INFOPLIST_FILE = YES;
				IPHONEOS_DEPLOYMENT_TARGET = 18.1;
				MARKETING_VERSION = 1.0;
				PRODUCT_BUNDLE_IDENTIFIER = de.eliasjan.AthleadTests;
				PRODUCT_NAME = "$(TARGET_NAME)";
				SWIFT_EMIT_LOC_STRINGS = NO;
				SWIFT_VERSION = 5.0;
				TARGETED_DEVICE_FAMILY = "1,2";
				TEST_HOST = "$(BUILT_PRODUCTS_DIR)/Athlead.app/$(BUNDLE_EXECUTABLE_FOLDER_PATH)/Athlead";
			};
			name = Debug;
		};
		96BE204C2CEDDE5D005D6608 /* Release */ = {
			isa = XCBuildConfiguration;
			buildSettings = {
				BUNDLE_LOADER = "$(TEST_HOST)";
				CODE_SIGN_STYLE = Automatic;
				CURRENT_PROJECT_VERSION = 1;
				GENERATE_INFOPLIST_FILE = YES;
				IPHONEOS_DEPLOYMENT_TARGET = 18.1;
				MARKETING_VERSION = 1.0;
				PRODUCT_BUNDLE_IDENTIFIER = de.eliasjan.AthleadTests;
				PRODUCT_NAME = "$(TARGET_NAME)";
				SWIFT_EMIT_LOC_STRINGS = NO;
				SWIFT_VERSION = 5.0;
				TARGETED_DEVICE_FAMILY = "1,2";
				TEST_HOST = "$(BUILT_PRODUCTS_DIR)/Athlead.app/$(BUNDLE_EXECUTABLE_FOLDER_PATH)/Athlead";
			};
			name = Release;
		};
		96BE204E2CEDDE5D005D6608 /* Debug */ = {
			isa = XCBuildConfiguration;
			buildSettings = {
				CODE_SIGN_STYLE = Automatic;
				CURRENT_PROJECT_VERSION = 1;
				GENERATE_INFOPLIST_FILE = YES;
				MARKETING_VERSION = 1.0;
				PRODUCT_BUNDLE_IDENTIFIER = de.eliasjan.AthleadUITests;
				PRODUCT_NAME = "$(TARGET_NAME)";
				SWIFT_EMIT_LOC_STRINGS = NO;
				SWIFT_VERSION = 5.0;
				TARGETED_DEVICE_FAMILY = "1,2";
				TEST_TARGET_NAME = Athlead;
			};
			name = Debug;
		};
		96BE204F2CEDDE5D005D6608 /* Release */ = {
			isa = XCBuildConfiguration;
			buildSettings = {
				CODE_SIGN_STYLE = Automatic;
				CURRENT_PROJECT_VERSION = 1;
				GENERATE_INFOPLIST_FILE = YES;
				MARKETING_VERSION = 1.0;
				PRODUCT_BUNDLE_IDENTIFIER = de.eliasjan.AthleadUITests;
				PRODUCT_NAME = "$(TARGET_NAME)";
				SWIFT_EMIT_LOC_STRINGS = NO;
				SWIFT_VERSION = 5.0;
				TARGETED_DEVICE_FAMILY = "1,2";
				TEST_TARGET_NAME = Athlead;
			};
			name = Release;
		};
/* End XCBuildConfiguration section */

/* Begin XCConfigurationList section */
		96BE201E2CEDDE5A005D6608 /* Build configuration list for PBXProject "Athlead" */ = {
			isa = XCConfigurationList;
			buildConfigurations = (
				96BE20452CEDDE5D005D6608 /* Debug */,
				96BE20462CEDDE5D005D6608 /* Release */,
			);
			defaultConfigurationIsVisible = 0;
			defaultConfigurationName = Release;
		};
		96BE20472CEDDE5D005D6608 /* Build configuration list for PBXNativeTarget "Athlead" */ = {
			isa = XCConfigurationList;
			buildConfigurations = (
				96BE20482CEDDE5D005D6608 /* Debug */,
				96BE20492CEDDE5D005D6608 /* Release */,
			);
			defaultConfigurationIsVisible = 0;
			defaultConfigurationName = Release;
		};
		96BE204A2CEDDE5D005D6608 /* Build configuration list for PBXNativeTarget "AthleadTests" */ = {
			isa = XCConfigurationList;
			buildConfigurations = (
				96BE204B2CEDDE5D005D6608 /* Debug */,
				96BE204C2CEDDE5D005D6608 /* Release */,
			);
			defaultConfigurationIsVisible = 0;
			defaultConfigurationName = Release;
		};
		96BE204D2CEDDE5D005D6608 /* Build configuration list for PBXNativeTarget "AthleadUITests" */ = {
			isa = XCConfigurationList;
			buildConfigurations = (
				96BE204E2CEDDE5D005D6608 /* Debug */,
				96BE204F2CEDDE5D005D6608 /* Release */,
			);
			defaultConfigurationIsVisible = 0;
			defaultConfigurationName = Release;
		};
/* End XCConfigurationList section */
	};
	rootObject = 96BE201B2CEDDE5A005D6608 /* Project object */;
}
